# @generated by Move, please check-in and do not edit manually.

[move]
version = 3
manifest_digest = "1359EF60FDD7EE229B84A9F8BCD5A56C80DBB1F5AE612FDC6EC4AA410472FB79"
deps_digest = "3C4103934B1E040BB6B23F1D610B4EF9F2F1166A50A104EADCF77467C004C600"
dependencies = [
  { id = "0x834a86970ae93a73faf4fff16ae40bdb72b91c47be585fff19a2af60a19ddca3", name = "0x834a86970ae93a73faf4fff16ae40bdb72b91c47be585fff19a2af60a19ddca3" },
  { id = "Sui", name = "Sui" },
]

[[move.package]]
id = "0x04e20ddf36af412a4096f9014f4a565af9e812db9a05cc40254846cf6ed0ad91"
source = { local = "E:\\projects\\sui\\sui\\sdk\\sui-wasm\\contracts\\0x04e20ddf36af412a4096f9014f4a565af9e812db9a05cc40254846cf6ed0ad91" }

dependencies = [
  { id = "0x5306f64e312b581766351c07af79c72fcb1cd25147157fdc2f8ad76de9a3fb6a", name = "0x5306f64e312b581766351c07af79c72fcb1cd25147157fdc2f8ad76de9a3fb6a" },
  { id = "Sui", name = "Sui" },
]

[[move.package]]
id = "0x1ee7b04f04ef049a6d711d0c0446d7b67b63c27c1397efa9536145085a4d1b7c"
source = { local = "E:\\projects\\sui\\sui\\sdk\\sui-wasm\\contracts\\0x1ee7b04f04ef049a6d711d0c0446d7b67b63c27c1397efa9536145085a4d1b7c" }

dependencies = [
  { id = "Sui", name = "Sui" },
]

[[move.package]]
id = "0x3a75968d0951fc99e7b336b26088d0f6888efd691b9cf2ac61c3958cfaa6d41b"
source = { local = "E:\\projects\\sui\\sui\\sdk\\sui-wasm\\contracts\\0x3a75968d0951fc99e7b336b26088d0f6888efd691b9cf2ac61c3958cfaa6d41b" }

dependencies = [
  { id = "0x1ee7b04f04ef049a6d711d0c0446d7b67b63c27c1397efa9536145085a4d1b7c", name = "0x1ee7b04f04ef049a6d711d0c0446d7b67b63c27c1397efa9536145085a4d1b7c" },
  { id = "Sui", name = "Sui" },
]

[[move.package]]
id = "0x5306f64e312b581766351c07af79c72fcb1cd25147157fdc2f8ad76de9a3fb6a"
source = { local = "E:\\projects\\sui\\sui\\sdk\\sui-wasm\\contracts\\0x5306f64e312b581766351c07af79c72fcb1cd25147157fdc2f8ad76de9a3fb6a" }

dependencies = [
  { id = "Sui", name = "Sui" },
]

[[move.package]]
id = "0x834a86970ae93a73faf4fff16ae40bdb72b91c47be585fff19a2af60a19ddca3"
source = { local = "E:\\projects\\sui\\sui\\sdk\\sui-wasm\\contracts\\0x834a86970ae93a73faf4fff16ae40bdb72b91c47be585fff19a2af60a19ddca3" }

dependencies = [
  { id = "0x04e20ddf36af412a4096f9014f4a565af9e812db9a05cc40254846cf6ed0ad91", name = "0x04e20ddf36af412a4096f9014f4a565af9e812db9a05cc40254846cf6ed0ad91" },
  { id = "0x1ee7b04f04ef049a6d711d0c0446d7b67b63c27c1397efa9536145085a4d1b7c", name = "0x1ee7b04f04ef049a6d711d0c0446d7b67b63c27c1397efa9536145085a4d1b7c" },
  { id = "0x3a75968d0951fc99e7b336b26088d0f6888efd691b9cf2ac61c3958cfaa6d41b", name = "0x3a75968d0951fc99e7b336b26088d0f6888efd691b9cf2ac61c3958cfaa6d41b" },
  { id = "0x5306f64e312b581766351c07af79c72fcb1cd25147157fdc2f8ad76de9a3fb6a", name = "0x5306f64e312b581766351c07af79c72fcb1cd25147157fdc2f8ad76de9a3fb6a" },
  { id = "0xc2d49bf5e75d2258ee5563efa527feb6155de7ac6f6bf025a23ee88cd12d5a83", name = "0xc2d49bf5e75d2258ee5563efa527feb6155de7ac6f6bf025a23ee88cd12d5a83" },
  { id = "0xc7abe17a209fcab08e2d7d939cf3df11f5b80cf03d10b50893f38df12fdebb07", name = "0xc7abe17a209fcab08e2d7d939cf3df11f5b80cf03d10b50893f38df12fdebb07" },
  { id = "Sui", name = "Sui" },
]

[env]

[[move.package]]
id = "0xc2d49bf5e75d2258ee5563efa527feb6155de7ac6f6bf025a23ee88cd12d5a83"
source = { local = "E:\\projects\\sui\\sui\\sdk\\sui-wasm\\contracts\\0xc2d49bf5e75d2258ee5563efa527feb6155de7ac6f6bf025a23ee88cd12d5a83" }

dependencies = [
  { id = "0x04e20ddf36af412a4096f9014f4a565af9e812db9a05cc40254846cf6ed0ad91", name = "0x04e20ddf36af412a4096f9014f4a565af9e812db9a05cc40254846cf6ed0ad91" },
  { id = "0x1ee7b04f04ef049a6d711d0c0446d7b67b63c27c1397efa9536145085a4d1b7c", name = "0x1ee7b04f04ef049a6d711d0c0446d7b67b63c27c1397efa9536145085a4d1b7c" },
  { id = "0x3a75968d0951fc99e7b336b26088d0f6888efd691b9cf2ac61c3958cfaa6d41b", name = "0x3a75968d0951fc99e7b336b26088d0f6888efd691b9cf2ac61c3958cfaa6d41b" },
  { id = "0x5306f64e312b581766351c07af79c72fcb1cd25147157fdc2f8ad76de9a3fb6a", name = "0x5306f64e312b581766351c07af79c72fcb1cd25147157fdc2f8ad76de9a3fb6a" },
  { id = "0xc7abe17a209fcab08e2d7d939cf3df11f5b80cf03d10b50893f38df12fdebb07", name = "0xc7abe17a209fcab08e2d7d939cf3df11f5b80cf03d10b50893f38df12fdebb07" },
  { id = "Sui", name = "Sui" },
]

[env.mainnet]
chain-id = "35834a8a"
original-published-id = "0xc0d68984049ab4041b45b1515e2aebc817401f8d3ce77bef4e854e8f6b23ff8c"
latest-published-id = "0xc0d68984049ab4041b45b1515e2aebc817401f8d3ce77bef4e854e8f6b23ff8c"
published-version = "1"

[[move.package]]
id = "0xc7abe17a209fcab08e2d7d939cf3df11f5b80cf03d10b50893f38df12fdebb07"
source = { local = "E:\\projects\\sui\\sui\\sdk\\sui-wasm\\contracts\\0xc7abe17a209fcab08e2d7d939cf3df11f5b80cf03d10b50893f38df12fdebb07" }

dependencies = [
  { id = "0x1ee7b04f04ef049a6d711d0c0446d7b67b63c27c1397efa9536145085a4d1b7c", name = "0x1ee7b04f04ef049a6d711d0c0446d7b67b63c27c1397efa9536145085a4d1b7c" },
  { id = "0x3a75968d0951fc99e7b336b26088d0f6888efd691b9cf2ac61c3958cfaa6d41b", name = "0x3a75968d0951fc99e7b336b26088d0f6888efd691b9cf2ac61c3958cfaa6d41b" },
  { id = "Sui", name = "Sui" },
]

[env.testnet]
chain-id = "4c78adac"
original-published-id = "0x798256742e57b03563d3af777bed49ba100eac89073962024d1a9e9d177308ea"
latest-published-id = "0x798256742e57b03563d3af777bed49ba100eac89073962024d1a9e9d177308ea"
published-version = "1"

[[move.package]]
id = "MoveStdlib"
source = { git = "https://github.com/MystenLabs/sui.git", rev = "framework/testnet", subdir = "crates\\sui-framework\\packages\\move-stdlib" }

[[move.package]]
id = "Sui"
source = { git = "https://github.com/MystenLabs/sui.git", rev = "framework/testnet", subdir = "crates/sui-framework/packages/sui-framework" }

dependencies = [
  { id = "MoveStdlib", name = "MoveStdlib" },
]

[move.toolchain-version]
compiler-version = "1.40.3"
edition = "2024.beta"
flavor = "sui"
